
Microsoft Visual Studio Solution File, Format Version 12.00
# Visual Studio Version 17
VisualStudioVersion = 17.3.32929.385
MinimumVisualStudioVersion = 10.0.40219.1
Project("{FAE04EC0-301F-11D3-BF4B-00C04F79EFBC}") = "Advanced Csharp", "Advanced Csharp\Advanced Csharp.csproj", "{0F016416-5396-4678-BCED-893B843776B8}"
EndProject
Project("{FAE04EC0-301F-11D3-BF4B-00C04F79EFBC}") = "Delegates", "Delegates\Delegates.csproj", "{CC74791B-A7A3-459B-8AFD-465CA2FFB8ED}"
EndProject
Global
	GlobalSection(SolutionConfigurationPlatforms) = preSolution
		Debug|Any CPU = Debug|Any CPU
		Release|Any CPU = Release|Any CPU
	EndGlobalSection
	GlobalSection(ProjectConfigurationPlatforms) = postSolution
		{0F016416-5396-4678-BCED-893B843776B8}.Debug|Any CPU.ActiveCfg = Debug|Any CPU
		{0F016416-5396-4678-BCED-893B843776B8}.Debug|Any CPU.Build.0 = Debug|Any CPU
		{0F016416-5396-4678-BCED-893B843776B8}.Release|Any CPU.ActiveCfg = Release|Any CPU
		{0F016416-5396-4678-BCED-893B843776B8}.Release|Any CPU.Build.0 = Release|Any CPU
		{CC74791B-A7A3-459B-8AFD-465CA2FFB8ED}.Debug|Any CPU.ActiveCfg = Debug|Any CPU
		{CC74791B-A7A3-459B-8AFD-465CA2FFB8ED}.Debug|Any CPU.Build.0 = Debug|Any CPU
		{CC74791B-A7A3-459B-8AFD-465CA2FFB8ED}.Release|Any CPU.ActiveCfg = Release|Any CPU
		{CC74791B-A7A3-459B-8AFD-465CA2FFB8ED}.Release|Any CPU.Build.0 = Release|Any CPU
	EndGlobalSection
	GlobalSection(SolutionProperties) = preSolution
		HideSolutionNode = FALSE
	EndGlobalSection
	GlobalSection(ExtensibilityGlobals) = postSolution
		SolutionGuid = {33A19A0B-337C-4F69-B486-4519239CDD2D}
	EndGlobalSection
EndGlobal
